
Microsoft Visual Studio Solution File, Format Version 12.00
# Visual Studio 15
VisualStudioVersion = 15.0.27130.2027
MinimumVisualStudioVersion = 10.0.40219.1
Project("{FAE04EC0-301F-11D3-BF4B-00C04F79EFBC}") = "LOBForm", "LOBForm\LOBForm\LOBForm.csproj", "{A9D060AB-7619-4908-86CB-58F7685E02C9}"
EndProject
Project("{FAE04EC0-301F-11D3-BF4B-00C04F79EFBC}") = "LOBForm.Android", "LOBForm\LOBForm.Android\LOBForm.Android.csproj", "{213BEAFB-7C6C-4CC3-B210-25E6E62844E1}"
EndProject
Project("{FAE04EC0-301F-11D3-BF4B-00C04F79EFBC}") = "LOBForm.iOS", "LOBForm\LOBForm.iOS\LOBForm.iOS.csproj", "{AE9B6ADE-858C-46FF-A853-6C1CB2390ADD}"
EndProject
Project("{FAE04EC0-301F-11D3-BF4B-00C04F79EFBC}") = "LOBForm.UWP", "LOBForm\LOBForm.UWP\LOBForm.UWP.csproj", "{5201143B-9700-4228-B9BC-390EF317CA7F}"
EndProject
Global
	GlobalSection(SolutionConfigurationPlatforms) = preSolution
		Ad-Hoc|Any CPU = Ad-Hoc|Any CPU
		Ad-Hoc|ARM = Ad-Hoc|ARM
		Ad-Hoc|iPhone = Ad-Hoc|iPhone
		Ad-Hoc|iPhoneSimulator = Ad-Hoc|iPhoneSimulator
		Ad-Hoc|x64 = Ad-Hoc|x64
		Ad-Hoc|x86 = Ad-Hoc|x86
		AppStore|Any CPU = AppStore|Any CPU
		AppStore|ARM = AppStore|ARM
		AppStore|iPhone = AppStore|iPhone
		AppStore|iPhoneSimulator = AppStore|iPhoneSimulator
		AppStore|x64 = AppStore|x64
		AppStore|x86 = AppStore|x86
		Debug|Any CPU = Debug|Any CPU
		Debug|ARM = Debug|ARM
		Debug|iPhone = Debug|iPhone
		Debug|iPhoneSimulator = Debug|iPhoneSimulator
		Debug|x64 = Debug|x64
		Debug|x86 = Debug|x86
		Release|Any CPU = Release|Any CPU
		Release|ARM = Release|ARM
		Release|iPhone = Release|iPhone
		Release|iPhoneSimulator = Release|iPhoneSimulator
		Release|x64 = Release|x64
		Release|x86 = Release|x86
	EndGlobalSection
	GlobalSection(ProjectConfigurationPlatforms) = postSolution
		{A9D060AB-7619-4908-86CB-58F7685E02C9}.Ad-Hoc|Any CPU.ActiveCfg = Debug|Any CPU
		{A9D060AB-7619-4908-86CB-58F7685E02C9}.Ad-Hoc|Any CPU.Build.0 = Debug|Any CPU
		{A9D060AB-7619-4908-86CB-58F7685E02C9}.Ad-Hoc|ARM.ActiveCfg = Debug|Any CPU
		{A9D060AB-7619-4908-86CB-58F7685E02C9}.Ad-Hoc|ARM.Build.0 = Debug|Any CPU
		{A9D060AB-7619-4908-86CB-58F7685E02C9}.Ad-Hoc|iPhone.ActiveCfg = Debug|Any CPU
		{A9D060AB-7619-4908-86CB-58F7685E02C9}.Ad-Hoc|iPhone.Build.0 = Debug|Any CPU
		{A9D060AB-7619-4908-86CB-58F7685E02C9}.Ad-Hoc|iPhoneSimulator.ActiveCfg = Debug|Any CPU
		{A9D060AB-7619-4908-86CB-58F7685E02C9}.Ad-Hoc|iPhoneSimulator.Build.0 = Debug|Any CPU
		{A9D060AB-7619-4908-86CB-58F7685E02C9}.Ad-Hoc|x64.ActiveCfg = Debug|Any CPU
		{A9D060AB-7619-4908-86CB-58F7685E02C9}.Ad-Hoc|x64.Build.0 = Debug|Any CPU
		{A9D060AB-7619-4908-86CB-58F7685E02C9}.Ad-Hoc|x86.ActiveCfg = Debug|Any CPU
		{A9D060AB-7619-4908-86CB-58F7685E02C9}.Ad-Hoc|x86.Build.0 = Debug|Any CPU
		{A9D060AB-7619-4908-86CB-58F7685E02C9}.AppStore|Any CPU.ActiveCfg = Debug|Any CPU
		{A9D060AB-7619-4908-86CB-58F7685E02C9}.AppStore|Any CPU.Build.0 = Debug|Any CPU
		{A9D060AB-7619-4908-86CB-58F7685E02C9}.AppStore|ARM.ActiveCfg = Debug|Any CPU
		{A9D060AB-7619-4908-86CB-58F7685E02C9}.AppStore|ARM.Build.0 = Debug|Any CPU
		{A9D060AB-7619-4908-86CB-58F7685E02C9}.AppStore|iPhone.ActiveCfg = Debug|Any CPU
		{A9D060AB-7619-4908-86CB-58F7685E02C9}.AppStore|iPhone.Build.0 = Debug|Any CPU
		{A9D060AB-7619-4908-86CB-58F7685E02C9}.AppStore|iPhoneSimulator.ActiveCfg = Debug|Any CPU
		{A9D060AB-7619-4908-86CB-58F7685E02C9}.AppStore|iPhoneSimulator.Build.0 = Debug|Any CPU
		{A9D060AB-7619-4908-86CB-58F7685E02C9}.AppStore|x64.ActiveCfg = Debug|Any CPU
		{A9D060AB-7619-4908-86CB-58F7685E02C9}.AppStore|x64.Build.0 = Debug|Any CPU
		{A9D060AB-7619-4908-86CB-58F7685E02C9}.AppStore|x86.ActiveCfg = Debug|Any CPU
		{A9D060AB-7619-4908-86CB-58F7685E02C9}.AppStore|x86.Build.0 = Debug|Any CPU
		{A9D060AB-7619-4908-86CB-58F7685E02C9}.Debug|Any CPU.ActiveCfg = Debug|Any CPU
		{A9D060AB-7619-4908-86CB-58F7685E02C9}.Debug|Any CPU.Build.0 = Debug|Any CPU
		{A9D060AB-7619-4908-86CB-58F7685E02C9}.Debug|ARM.ActiveCfg = Debug|Any CPU
		{A9D060AB-7619-4908-86CB-58F7685E02C9}.Debug|ARM.Build.0 = Debug|Any CPU
		{A9D060AB-7619-4908-86CB-58F7685E02C9}.Debug|iPhone.ActiveCfg = Debug|Any CPU
		{A9D060AB-7619-4908-86CB-58F7685E02C9}.Debug|iPhone.Build.0 = Debug|Any CPU
		{A9D060AB-7619-4908-86CB-58F7685E02C9}.Debug|iPhoneSimulator.ActiveCfg = Debug|Any CPU
		{A9D060AB-7619-4908-86CB-58F7685E02C9}.Debug|iPhoneSimulator.Build.0 = Debug|Any CPU
		{A9D060AB-7619-4908-86CB-58F7685E02C9}.Debug|x64.ActiveCfg = Debug|Any CPU
		{A9D060AB-7619-4908-86CB-58F7685E02C9}.Debug|x64.Build.0 = Debug|Any CPU
		{A9D060AB-7619-4908-86CB-58F7685E02C9}.Debug|x86.ActiveCfg = Debug|Any CPU
		{A9D060AB-7619-4908-86CB-58F7685E02C9}.Debug|x86.Build.0 = Debug|Any CPU
		{A9D060AB-7619-4908-86CB-58F7685E02C9}.Release|Any CPU.ActiveCfg = Release|Any CPU
		{A9D060AB-7619-4908-86CB-58F7685E02C9}.Release|Any CPU.Build.0 = Release|Any CPU
		{A9D060AB-7619-4908-86CB-58F7685E02C9}.Release|ARM.ActiveCfg = Release|Any CPU
		{A9D060AB-7619-4908-86CB-58F7685E02C9}.Release|ARM.Build.0 = Release|Any CPU
		{A9D060AB-7619-4908-86CB-58F7685E02C9}.Release|iPhone.ActiveCfg = Release|Any CPU
		{A9D060AB-7619-4908-86CB-58F7685E02C9}.Release|iPhone.Build.0 = Release|Any CPU
		{A9D060AB-7619-4908-86CB-58F7685E02C9}.Release|iPhoneSimulator.ActiveCfg = Release|Any CPU
		{A9D060AB-7619-4908-86CB-58F7685E02C9}.Release|iPhoneSimulator.Build.0 = Release|Any CPU
		{A9D060AB-7619-4908-86CB-58F7685E02C9}.Release|x64.ActiveCfg = Release|Any CPU
		{A9D060AB-7619-4908-86CB-58F7685E02C9}.Release|x64.Build.0 = Release|Any CPU
		{A9D060AB-7619-4908-86CB-58F7685E02C9}.Release|x86.ActiveCfg = Release|Any CPU
		{A9D060AB-7619-4908-86CB-58F7685E02C9}.Release|x86.Build.0 = Release|Any CPU
		{213BEAFB-7C6C-4CC3-B210-25E6E62844E1}.Ad-Hoc|Any CPU.ActiveCfg = Release|Any CPU
		{213BEAFB-7C6C-4CC3-B210-25E6E62844E1}.Ad-Hoc|Any CPU.Build.0 = Release|Any CPU
		{213BEAFB-7C6C-4CC3-B210-25E6E62844E1}.Ad-Hoc|Any CPU.Deploy.0 = Release|Any CPU
		{213BEAFB-7C6C-4CC3-B210-25E6E62844E1}.Ad-Hoc|ARM.ActiveCfg = Release|Any CPU
		{213BEAFB-7C6C-4CC3-B210-25E6E62844E1}.Ad-Hoc|ARM.Build.0 = Release|Any CPU
		{213BEAFB-7C6C-4CC3-B210-25E6E62844E1}.Ad-Hoc|ARM.Deploy.0 = Release|Any CPU
		{213BEAFB-7C6C-4CC3-B210-25E6E62844E1}.Ad-Hoc|iPhone.ActiveCfg = Release|Any CPU
		{213BEAFB-7C6C-4CC3-B210-25E6E62844E1}.Ad-Hoc|iPhone.Build.0 = Release|Any CPU
		{213BEAFB-7C6C-4CC3-B210-25E6E62844E1}.Ad-Hoc|iPhone.Deploy.0 = Release|Any CPU
		{213BEAFB-7C6C-4CC3-B210-25E6E62844E1}.Ad-Hoc|iPhoneSimulator.ActiveCfg = Release|Any CPU
		{213BEAFB-7C6C-4CC3-B210-25E6E62844E1}.Ad-Hoc|iPhoneSimulator.Build.0 = Release|Any CPU
		{213BEAFB-7C6C-4CC3-B210-25E6E62844E1}.Ad-Hoc|iPhoneSimulator.Deploy.0 = Release|Any CPU
		{213BEAFB-7C6C-4CC3-B210-25E6E62844E1}.Ad-Hoc|x64.ActiveCfg = Release|Any CPU
		{213BEAFB-7C6C-4CC3-B210-25E6E62844E1}.Ad-Hoc|x64.Build.0 = Release|Any CPU
		{213BEAFB-7C6C-4CC3-B210-25E6E62844E1}.Ad-Hoc|x64.Deploy.0 = Release|Any CPU
		{213BEAFB-7C6C-4CC3-B210-25E6E62844E1}.Ad-Hoc|x86.ActiveCfg = Release|Any CPU
		{213BEAFB-7C6C-4CC3-B210-25E6E62844E1}.Ad-Hoc|x86.Build.0 = Release|Any CPU
		{213BEAFB-7C6C-4CC3-B210-25E6E62844E1}.Ad-Hoc|x86.Deploy.0 = Release|Any CPU
		{213BEAFB-7C6C-4CC3-B210-25E6E62844E1}.AppStore|Any CPU.ActiveCfg = Release|Any CPU
		{213BEAFB-7C6C-4CC3-B210-25E6E62844E1}.AppStore|Any CPU.Build.0 = Release|Any CPU
		{213BEAFB-7C6C-4CC3-B210-25E6E62844E1}.AppStore|Any CPU.Deploy.0 = Release|Any CPU
		{213BEAFB-7C6C-4CC3-B210-25E6E62844E1}.AppStore|ARM.ActiveCfg = Release|Any CPU
		{213BEAFB-7C6C-4CC3-B210-25E6E62844E1}.AppStore|ARM.Build.0 = Release|Any CPU
		{213BEAFB-7C6C-4CC3-B210-25E6E62844E1}.AppStore|ARM.Deploy.0 = Release|Any CPU
		{213BEAFB-7C6C-4CC3-B210-25E6E62844E1}.AppStore|iPhone.ActiveCfg = Release|Any CPU
		{213BEAFB-7C6C-4CC3-B210-25E6E62844E1}.AppStore|iPhone.Build.0 = Release|Any CPU
		{213BEAFB-7C6C-4CC3-B210-25E6E62844E1}.AppStore|iPhone.Deploy.0 = Release|Any CPU
		{213BEAFB-7C6C-4CC3-B210-25E6E62844E1}.AppStore|iPhoneSimulator.ActiveCfg = Release|Any CPU
		{213BEAFB-7C6C-4CC3-B210-25E6E62844E1}.AppStore|iPhoneSimulator.Build.0 = Release|Any CPU
		{213BEAFB-7C6C-4CC3-B210-25E6E62844E1}.AppStore|iPhoneSimulator.Deploy.0 = Release|Any CPU
		{213BEAFB-7C6C-4CC3-B210-25E6E62844E1}.AppStore|x64.ActiveCfg = Release|Any CPU
		{213BEAFB-7C6C-4CC3-B210-25E6E62844E1}.AppStore|x64.Build.0 = Release|Any CPU
		{213BEAFB-7C6C-4CC3-B210-25E6E62844E1}.AppStore|x64.Deploy.0 = Release|Any CPU
		{213BEAFB-7C6C-4CC3-B210-25E6E62844E1}.AppStore|x86.ActiveCfg = Release|Any CPU
		{213BEAFB-7C6C-4CC3-B210-25E6E62844E1}.AppStore|x86.Build.0 = Release|Any CPU
		{213BEAFB-7C6C-4CC3-B210-25E6E62844E1}.AppStore|x86.Deploy.0 = Release|Any CPU
		{213BEAFB-7C6C-4CC3-B210-25E6E62844E1}.Debug|Any CPU.ActiveCfg = Debug|Any CPU
		{213BEAFB-7C6C-4CC3-B210-25E6E62844E1}.Debug|Any CPU.Build.0 = Debug|Any CPU
		{213BEAFB-7C6C-4CC3-B210-25E6E62844E1}.Debug|Any CPU.Deploy.0 = Debug|Any CPU
		{213BEAFB-7C6C-4CC3-B210-25E6E62844E1}.Debug|ARM.ActiveCfg = Debug|Any CPU
		{213BEAFB-7C6C-4CC3-B210-25E6E62844E1}.Debug|ARM.Build.0 = Debug|Any CPU
		{213BEAFB-7C6C-4CC3-B210-25E6E62844E1}.Debug|ARM.Deploy.0 = Debug|Any CPU
		{213BEAFB-7C6C-4CC3-B210-25E6E62844E1}.Debug|iPhone.ActiveCfg = Debug|Any CPU
		{213BEAFB-7C6C-4CC3-B210-25E6E62844E1}.Debug|iPhone.Build.0 = Debug|Any CPU
		{213BEAFB-7C6C-4CC3-B210-25E6E62844E1}.Debug|iPhone.Deploy.0 = Debug|Any CPU
		{213BEAFB-7C6C-4CC3-B210-25E6E62844E1}.Debug|iPhoneSimulator.ActiveCfg = Debug|Any CPU
		{213BEAFB-7C6C-4CC3-B210-25E6E62844E1}.Debug|iPhoneSimulator.Build.0 = Debug|Any CPU
		{213BEAFB-7C6C-4CC3-B210-25E6E62844E1}.Debug|iPhoneSimulator.Deploy.0 = Debug|Any CPU
		{213BEAFB-7C6C-4CC3-B210-25E6E62844E1}.Debug|x64.ActiveCfg = Debug|Any CPU
		{213BEAFB-7C6C-4CC3-B210-25E6E62844E1}.Debug|x64.Build.0 = Debug|Any CPU
		{213BEAFB-7C6C-4CC3-B210-25E6E62844E1}.Debug|x64.Deploy.0 = Debug|Any CPU
		{213BEAFB-7C6C-4CC3-B210-25E6E62844E1}.Debug|x86.ActiveCfg = Debug|Any CPU
		{213BEAFB-7C6C-4CC3-B210-25E6E62844E1}.Debug|x86.Build.0 = Debug|Any CPU
		{213BEAFB-7C6C-4CC3-B210-25E6E62844E1}.Debug|x86.Deploy.0 = Debug|Any CPU
		{213BEAFB-7C6C-4CC3-B210-25E6E62844E1}.Release|Any CPU.ActiveCfg = Release|Any CPU
		{213BEAFB-7C6C-4CC3-B210-25E6E62844E1}.Release|Any CPU.Build.0 = Release|Any CPU
		{213BEAFB-7C6C-4CC3-B210-25E6E62844E1}.Release|Any CPU.Deploy.0 = Release|Any CPU
		{213BEAFB-7C6C-4CC3-B210-25E6E62844E1}.Release|ARM.ActiveCfg = Release|Any CPU
		{213BEAFB-7C6C-4CC3-B210-25E6E62844E1}.Release|ARM.Build.0 = Release|Any CPU
		{213BEAFB-7C6C-4CC3-B210-25E6E62844E1}.Release|ARM.Deploy.0 = Release|Any CPU
		{213BEAFB-7C6C-4CC3-B210-25E6E62844E1}.Release|iPhone.ActiveCfg = Release|Any CPU
		{213BEAFB-7C6C-4CC3-B210-25E6E62844E1}.Release|iPhone.Build.0 = Release|Any CPU
		{213BEAFB-7C6C-4CC3-B210-25E6E62844E1}.Release|iPhone.Deploy.0 = Release|Any CPU
		{213BEAFB-7C6C-4CC3-B210-25E6E62844E1}.Release|iPhoneSimulator.ActiveCfg = Release|Any CPU
		{213BEAFB-7C6C-4CC3-B210-25E6E62844E1}.Release|iPhoneSimulator.Build.0 = Release|Any CPU
		{213BEAFB-7C6C-4CC3-B210-25E6E62844E1}.Release|iPhoneSimulator.Deploy.0 = Release|Any CPU
		{213BEAFB-7C6C-4CC3-B210-25E6E62844E1}.Release|x64.ActiveCfg = Release|Any CPU
		{213BEAFB-7C6C-4CC3-B210-25E6E62844E1}.Release|x64.Build.0 = Release|Any CPU
		{213BEAFB-7C6C-4CC3-B210-25E6E62844E1}.Release|x64.Deploy.0 = Release|Any CPU
		{213BEAFB-7C6C-4CC3-B210-25E6E62844E1}.Release|x86.ActiveCfg = Release|Any CPU
		{213BEAFB-7C6C-4CC3-B210-25E6E62844E1}.Release|x86.Build.0 = Release|Any CPU
		{213BEAFB-7C6C-4CC3-B210-25E6E62844E1}.Release|x86.Deploy.0 = Release|Any CPU
		{AE9B6ADE-858C-46FF-A853-6C1CB2390ADD}.Ad-Hoc|Any CPU.ActiveCfg = Ad-Hoc|iPhone
		{AE9B6ADE-858C-46FF-A853-6C1CB2390ADD}.Ad-Hoc|ARM.ActiveCfg = Ad-Hoc|iPhone
		{AE9B6ADE-858C-46FF-A853-6C1CB2390ADD}.Ad-Hoc|iPhone.ActiveCfg = Ad-Hoc|iPhone
		{AE9B6ADE-858C-46FF-A853-6C1CB2390ADD}.Ad-Hoc|iPhone.Build.0 = Ad-Hoc|iPhone
		{AE9B6ADE-858C-46FF-A853-6C1CB2390ADD}.Ad-Hoc|iPhoneSimulator.ActiveCfg = Ad-Hoc|iPhoneSimulator
		{AE9B6ADE-858C-46FF-A853-6C1CB2390ADD}.Ad-Hoc|iPhoneSimulator.Build.0 = Ad-Hoc|iPhoneSimulator
		{AE9B6ADE-858C-46FF-A853-6C1CB2390ADD}.Ad-Hoc|x64.ActiveCfg = Ad-Hoc|iPhone
		{AE9B6ADE-858C-46FF-A853-6C1CB2390ADD}.Ad-Hoc|x86.ActiveCfg = Ad-Hoc|iPhone
		{AE9B6ADE-858C-46FF-A853-6C1CB2390ADD}.AppStore|Any CPU.ActiveCfg = AppStore|iPhone
		{AE9B6ADE-858C-46FF-A853-6C1CB2390ADD}.AppStore|ARM.ActiveCfg = AppStore|iPhone
		{AE9B6ADE-858C-46FF-A853-6C1CB2390ADD}.AppStore|iPhone.ActiveCfg = AppStore|iPhone
		{AE9B6ADE-858C-46FF-A853-6C1CB2390ADD}.AppStore|iPhone.Build.0 = AppStore|iPhone
		{AE9B6ADE-858C-46FF-A853-6C1CB2390ADD}.AppStore|iPhoneSimulator.ActiveCfg = AppStore|iPhoneSimulator
		{AE9B6ADE-858C-46FF-A853-6C1CB2390ADD}.AppStore|iPhoneSimulator.Build.0 = AppStore|iPhoneSimulator
		{AE9B6ADE-858C-46FF-A853-6C1CB2390ADD}.AppStore|x64.ActiveCfg = AppStore|iPhone
		{AE9B6ADE-858C-46FF-A853-6C1CB2390ADD}.AppStore|x86.ActiveCfg = AppStore|iPhone
		{AE9B6ADE-858C-46FF-A853-6C1CB2390ADD}.Debug|Any CPU.ActiveCfg = Debug|iPhone
		{AE9B6ADE-858C-46FF-A853-6C1CB2390ADD}.Debug|ARM.ActiveCfg = Debug|iPhone
		{AE9B6ADE-858C-46FF-A853-6C1CB2390ADD}.Debug|iPhone.ActiveCfg = Debug|iPhone
		{AE9B6ADE-858C-46FF-A853-6C1CB2390ADD}.Debug|iPhone.Build.0 = Debug|iPhone
		{AE9B6ADE-858C-46FF-A853-6C1CB2390ADD}.Debug|iPhoneSimulator.ActiveCfg = Debug|iPhoneSimulator
		{AE9B6ADE-858C-46FF-A853-6C1CB2390ADD}.Debug|iPhoneSimulator.Build.0 = Debug|iPhoneSimulator
		{AE9B6ADE-858C-46FF-A853-6C1CB2390ADD}.Debug|x64.ActiveCfg = Debug|iPhone
		{AE9B6ADE-858C-46FF-A853-6C1CB2390ADD}.Debug|x86.ActiveCfg = Debug|iPhone
		{AE9B6ADE-858C-46FF-A853-6C1CB2390ADD}.Release|Any CPU.ActiveCfg = Release|iPhone
		{AE9B6ADE-858C-46FF-A853-6C1CB2390ADD}.Release|ARM.ActiveCfg = Release|iPhone
		{AE9B6ADE-858C-46FF-A853-6C1CB2390ADD}.Release|iPhone.ActiveCfg = Release|iPhone
		{AE9B6ADE-858C-46FF-A853-6C1CB2390ADD}.Release|iPhone.Build.0 = Release|iPhone
		{AE9B6ADE-858C-46FF-A853-6C1CB2390ADD}.Release|iPhoneSimulator.ActiveCfg = Release|iPhoneSimulator
		{AE9B6ADE-858C-46FF-A853-6C1CB2390ADD}.Release|iPhoneSimulator.Build.0 = Release|iPhoneSimulator
		{AE9B6ADE-858C-46FF-A853-6C1CB2390ADD}.Release|x64.ActiveCfg = Release|iPhone
		{AE9B6ADE-858C-46FF-A853-6C1CB2390ADD}.Release|x86.ActiveCfg = Release|iPhone
		{5201143B-9700-4228-B9BC-390EF317CA7F}.Ad-Hoc|Any CPU.ActiveCfg = Release|x86
		{5201143B-9700-4228-B9BC-390EF317CA7F}.Ad-Hoc|Any CPU.Build.0 = Release|x86
		{5201143B-9700-4228-B9BC-390EF317CA7F}.Ad-Hoc|Any CPU.Deploy.0 = Release|x86
		{5201143B-9700-4228-B9BC-390EF317CA7F}.Ad-Hoc|ARM.ActiveCfg = Release|ARM
		{5201143B-9700-4228-B9BC-390EF317CA7F}.Ad-Hoc|ARM.Build.0 = Release|ARM
		{5201143B-9700-4228-B9BC-390EF317CA7F}.Ad-Hoc|ARM.Deploy.0 = Release|ARM
		{5201143B-9700-4228-B9BC-390EF317CA7F}.Ad-Hoc|iPhone.ActiveCfg = Release|x86
		{5201143B-9700-4228-B9BC-390EF317CA7F}.Ad-Hoc|iPhone.Build.0 = Release|x86
		{5201143B-9700-4228-B9BC-390EF317CA7F}.Ad-Hoc|iPhone.Deploy.0 = Release|x86
		{5201143B-9700-4228-B9BC-390EF317CA7F}.Ad-Hoc|iPhoneSimulator.ActiveCfg = Release|x86
		{5201143B-9700-4228-B9BC-390EF317CA7F}.Ad-Hoc|iPhoneSimulator.Build.0 = Release|x86
		{5201143B-9700-4228-B9BC-390EF317CA7F}.Ad-Hoc|iPhoneSimulator.Deploy.0 = Release|x86
		{5201143B-9700-4228-B9BC-390EF317CA7F}.Ad-Hoc|x64.ActiveCfg = Release|x64
		{5201143B-9700-4228-B9BC-390EF317CA7F}.Ad-Hoc|x64.Build.0 = Release|x64
		{5201143B-9700-4228-B9BC-390EF317CA7F}.Ad-Hoc|x64.Deploy.0 = Release|x64
		{5201143B-9700-4228-B9BC-390EF317CA7F}.Ad-Hoc|x86.ActiveCfg = Release|x86
		{5201143B-9700-4228-B9BC-390EF317CA7F}.Ad-Hoc|x86.Build.0 = Release|x86
		{5201143B-9700-4228-B9BC-390EF317CA7F}.Ad-Hoc|x86.Deploy.0 = Release|x86
		{5201143B-9700-4228-B9BC-390EF317CA7F}.AppStore|Any CPU.ActiveCfg = Release|x86
		{5201143B-9700-4228-B9BC-390EF317CA7F}.AppStore|Any CPU.Build.0 = Release|x86
		{5201143B-9700-4228-B9BC-390EF317CA7F}.AppStore|Any CPU.Deploy.0 = Release|x86
		{5201143B-9700-4228-B9BC-390EF317CA7F}.AppStore|ARM.ActiveCfg = Release|ARM
		{5201143B-9700-4228-B9BC-390EF317CA7F}.AppStore|ARM.Build.0 = Release|ARM
		{5201143B-9700-4228-B9BC-390EF317CA7F}.AppStore|ARM.Deploy.0 = Release|ARM
		{5201143B-9700-4228-B9BC-390EF317CA7F}.AppStore|iPhone.ActiveCfg = Release|x86
		{5201143B-9700-4228-B9BC-390EF317CA7F}.AppStore|iPhone.Build.0 = Release|x86
		{5201143B-9700-4228-B9BC-390EF317CA7F}.AppStore|iPhone.Deploy.0 = Release|x86
		{5201143B-9700-4228-B9BC-390EF317CA7F}.AppStore|iPhoneSimulator.ActiveCfg = Release|x86
		{5201143B-9700-4228-B9BC-390EF317CA7F}.AppStore|iPhoneSimulator.Build.0 = Release|x86
		{5201143B-9700-4228-B9BC-390EF317CA7F}.AppStore|iPhoneSimulator.Deploy.0 = Release|x86
		{5201143B-9700-4228-B9BC-390EF317CA7F}.AppStore|x64.ActiveCfg = Release|x64
		{5201143B-9700-4228-B9BC-390EF317CA7F}.AppStore|x64.Build.0 = Release|x64
		{5201143B-9700-4228-B9BC-390EF317CA7F}.AppStore|x64.Deploy.0 = Release|x64
		{5201143B-9700-4228-B9BC-390EF317CA7F}.AppStore|x86.ActiveCfg = Release|x86
		{5201143B-9700-4228-B9BC-390EF317CA7F}.AppStore|x86.Build.0 = Release|x86
		{5201143B-9700-4228-B9BC-390EF317CA7F}.AppStore|x86.Deploy.0 = Release|x86
		{5201143B-9700-4228-B9BC-390EF317CA7F}.Debug|Any CPU.ActiveCfg = Debug|x86
		{5201143B-9700-4228-B9BC-390EF317CA7F}.Debug|ARM.ActiveCfg = Debug|ARM
		{5201143B-9700-4228-B9BC-390EF317CA7F}.Debug|ARM.Build.0 = Debug|ARM
		{5201143B-9700-4228-B9BC-390EF317CA7F}.Debug|ARM.Deploy.0 = Debug|ARM
		{5201143B-9700-4228-B9BC-390EF317CA7F}.Debug|iPhone.ActiveCfg = Debug|x86
		{5201143B-9700-4228-B9BC-390EF317CA7F}.Debug|iPhoneSimulator.ActiveCfg = Debug|x86
		{5201143B-9700-4228-B9BC-390EF317CA7F}.Debug|x64.ActiveCfg = Debug|x64
		{5201143B-9700-4228-B9BC-390EF317CA7F}.Debug|x64.Build.0 = Debug|x64
		{5201143B-9700-4228-B9BC-390EF317CA7F}.Debug|x64.Deploy.0 = Debug|x64
		{5201143B-9700-4228-B9BC-390EF317CA7F}.Debug|x86.ActiveCfg = Debug|x86
		{5201143B-9700-4228-B9BC-390EF317CA7F}.Debug|x86.Build.0 = Debug|x86
		{5201143B-9700-4228-B9BC-390EF317CA7F}.Debug|x86.Deploy.0 = Debug|x86
		{5201143B-9700-4228-B9BC-390EF317CA7F}.Release|Any CPU.ActiveCfg = Release|x86
		{5201143B-9700-4228-B9BC-390EF317CA7F}.Release|ARM.ActiveCfg = Release|ARM
		{5201143B-9700-4228-B9BC-390EF317CA7F}.Release|ARM.Build.0 = Release|ARM
		{5201143B-9700-4228-B9BC-390EF317CA7F}.Release|ARM.Deploy.0 = Release|ARM
		{5201143B-9700-4228-B9BC-390EF317CA7F}.Release|iPhone.ActiveCfg = Release|x86
		{5201143B-9700-4228-B9BC-390EF317CA7F}.Release|iPhoneSimulator.ActiveCfg = Release|x86
		{5201143B-9700-4228-B9BC-390EF317CA7F}.Release|x64.ActiveCfg = Release|x64
		{5201143B-9700-4228-B9BC-390EF317CA7F}.Release|x64.Build.0 = Release|x64
		{5201143B-9700-4228-B9BC-390EF317CA7F}.Release|x64.Deploy.0 = Release|x64
		{5201143B-9700-4228-B9BC-390EF317CA7F}.Release|x86.ActiveCfg = Release|x86
		{5201143B-9700-4228-B9BC-390EF317CA7F}.Release|x86.Build.0 = Release|x86
		{5201143B-9700-4228-B9BC-390EF317CA7F}.Release|x86.Deploy.0 = Release|x86
	EndGlobalSection
	GlobalSection(SolutionProperties) = preSolution
		HideSolutionNode = FALSE
	EndGlobalSection
	GlobalSection(ExtensibilityGlobals) = postSolution
		SolutionGuid = {51CE4D97-F425-4E36-BC7D-26EC3BA63F76}
	EndGlobalSection
EndGlobal
