
Microsoft Visual Studio Solution File, Format Version 12.00
# Visual Studio 15
VisualStudioVersion = 15.0.27130.2027
MinimumVisualStudioVersion = 10.0.40219.1
Project("{FAE04EC0-301F-11D3-BF4B-00C04F79EFBC}") = "LOBForm", "LOBForm\LOBForm\LOBForm.csproj", "{F86A8C53-551E-4AC6-934F-07A2C236E533}"
EndProject
Project("{FAE04EC0-301F-11D3-BF4B-00C04F79EFBC}") = "LOBForm.Android", "LOBForm\LOBForm.Android\LOBForm.Android.csproj", "{B395CA25-41D1-47B6-A41C-79AE891B3A8B}"
EndProject
Project("{FAE04EC0-301F-11D3-BF4B-00C04F79EFBC}") = "LOBForm.iOS", "LOBForm\LOBForm.iOS\LOBForm.iOS.csproj", "{B5D1D946-041B-434D-BA37-8B4E1DB74226}"
EndProject
Project("{FAE04EC0-301F-11D3-BF4B-00C04F79EFBC}") = "LOBForm.UWP", "LOBForm\LOBForm.UWP\LOBForm.UWP.csproj", "{51FEA06B-D1B8-4F32-BF78-FA2D66DD1C20}"
EndProject
Global
	GlobalSection(SolutionConfigurationPlatforms) = preSolution
		Ad-Hoc|Any CPU = Ad-Hoc|Any CPU
		Ad-Hoc|ARM = Ad-Hoc|ARM
		Ad-Hoc|iPhone = Ad-Hoc|iPhone
		Ad-Hoc|iPhoneSimulator = Ad-Hoc|iPhoneSimulator
		Ad-Hoc|x64 = Ad-Hoc|x64
		Ad-Hoc|x86 = Ad-Hoc|x86
		AppStore|Any CPU = AppStore|Any CPU
		AppStore|ARM = AppStore|ARM
		AppStore|iPhone = AppStore|iPhone
		AppStore|iPhoneSimulator = AppStore|iPhoneSimulator
		AppStore|x64 = AppStore|x64
		AppStore|x86 = AppStore|x86
		Debug|Any CPU = Debug|Any CPU
		Debug|ARM = Debug|ARM
		Debug|iPhone = Debug|iPhone
		Debug|iPhoneSimulator = Debug|iPhoneSimulator
		Debug|x64 = Debug|x64
		Debug|x86 = Debug|x86
		Release|Any CPU = Release|Any CPU
		Release|ARM = Release|ARM
		Release|iPhone = Release|iPhone
		Release|iPhoneSimulator = Release|iPhoneSimulator
		Release|x64 = Release|x64
		Release|x86 = Release|x86
	EndGlobalSection
	GlobalSection(ProjectConfigurationPlatforms) = postSolution
		{F86A8C53-551E-4AC6-934F-07A2C236E533}.Ad-Hoc|Any CPU.ActiveCfg = Debug|Any CPU
		{F86A8C53-551E-4AC6-934F-07A2C236E533}.Ad-Hoc|Any CPU.Build.0 = Debug|Any CPU
		{F86A8C53-551E-4AC6-934F-07A2C236E533}.Ad-Hoc|ARM.ActiveCfg = Debug|Any CPU
		{F86A8C53-551E-4AC6-934F-07A2C236E533}.Ad-Hoc|ARM.Build.0 = Debug|Any CPU
		{F86A8C53-551E-4AC6-934F-07A2C236E533}.Ad-Hoc|iPhone.ActiveCfg = Debug|Any CPU
		{F86A8C53-551E-4AC6-934F-07A2C236E533}.Ad-Hoc|iPhone.Build.0 = Debug|Any CPU
		{F86A8C53-551E-4AC6-934F-07A2C236E533}.Ad-Hoc|iPhoneSimulator.ActiveCfg = Debug|Any CPU
		{F86A8C53-551E-4AC6-934F-07A2C236E533}.Ad-Hoc|iPhoneSimulator.Build.0 = Debug|Any CPU
		{F86A8C53-551E-4AC6-934F-07A2C236E533}.Ad-Hoc|x64.ActiveCfg = Debug|Any CPU
		{F86A8C53-551E-4AC6-934F-07A2C236E533}.Ad-Hoc|x64.Build.0 = Debug|Any CPU
		{F86A8C53-551E-4AC6-934F-07A2C236E533}.Ad-Hoc|x86.ActiveCfg = Debug|Any CPU
		{F86A8C53-551E-4AC6-934F-07A2C236E533}.Ad-Hoc|x86.Build.0 = Debug|Any CPU
		{F86A8C53-551E-4AC6-934F-07A2C236E533}.AppStore|Any CPU.ActiveCfg = Debug|Any CPU
		{F86A8C53-551E-4AC6-934F-07A2C236E533}.AppStore|Any CPU.Build.0 = Debug|Any CPU
		{F86A8C53-551E-4AC6-934F-07A2C236E533}.AppStore|ARM.ActiveCfg = Debug|Any CPU
		{F86A8C53-551E-4AC6-934F-07A2C236E533}.AppStore|ARM.Build.0 = Debug|Any CPU
		{F86A8C53-551E-4AC6-934F-07A2C236E533}.AppStore|iPhone.ActiveCfg = Debug|Any CPU
		{F86A8C53-551E-4AC6-934F-07A2C236E533}.AppStore|iPhone.Build.0 = Debug|Any CPU
		{F86A8C53-551E-4AC6-934F-07A2C236E533}.AppStore|iPhoneSimulator.ActiveCfg = Debug|Any CPU
		{F86A8C53-551E-4AC6-934F-07A2C236E533}.AppStore|iPhoneSimulator.Build.0 = Debug|Any CPU
		{F86A8C53-551E-4AC6-934F-07A2C236E533}.AppStore|x64.ActiveCfg = Debug|Any CPU
		{F86A8C53-551E-4AC6-934F-07A2C236E533}.AppStore|x64.Build.0 = Debug|Any CPU
		{F86A8C53-551E-4AC6-934F-07A2C236E533}.AppStore|x86.ActiveCfg = Debug|Any CPU
		{F86A8C53-551E-4AC6-934F-07A2C236E533}.AppStore|x86.Build.0 = Debug|Any CPU
		{F86A8C53-551E-4AC6-934F-07A2C236E533}.Debug|Any CPU.ActiveCfg = Debug|Any CPU
		{F86A8C53-551E-4AC6-934F-07A2C236E533}.Debug|Any CPU.Build.0 = Debug|Any CPU
		{F86A8C53-551E-4AC6-934F-07A2C236E533}.Debug|ARM.ActiveCfg = Debug|Any CPU
		{F86A8C53-551E-4AC6-934F-07A2C236E533}.Debug|ARM.Build.0 = Debug|Any CPU
		{F86A8C53-551E-4AC6-934F-07A2C236E533}.Debug|iPhone.ActiveCfg = Debug|Any CPU
		{F86A8C53-551E-4AC6-934F-07A2C236E533}.Debug|iPhone.Build.0 = Debug|Any CPU
		{F86A8C53-551E-4AC6-934F-07A2C236E533}.Debug|iPhoneSimulator.ActiveCfg = Debug|Any CPU
		{F86A8C53-551E-4AC6-934F-07A2C236E533}.Debug|iPhoneSimulator.Build.0 = Debug|Any CPU
		{F86A8C53-551E-4AC6-934F-07A2C236E533}.Debug|x64.ActiveCfg = Debug|Any CPU
		{F86A8C53-551E-4AC6-934F-07A2C236E533}.Debug|x64.Build.0 = Debug|Any CPU
		{F86A8C53-551E-4AC6-934F-07A2C236E533}.Debug|x86.ActiveCfg = Debug|Any CPU
		{F86A8C53-551E-4AC6-934F-07A2C236E533}.Debug|x86.Build.0 = Debug|Any CPU
		{F86A8C53-551E-4AC6-934F-07A2C236E533}.Release|Any CPU.ActiveCfg = Release|Any CPU
		{F86A8C53-551E-4AC6-934F-07A2C236E533}.Release|Any CPU.Build.0 = Release|Any CPU
		{F86A8C53-551E-4AC6-934F-07A2C236E533}.Release|ARM.ActiveCfg = Release|Any CPU
		{F86A8C53-551E-4AC6-934F-07A2C236E533}.Release|ARM.Build.0 = Release|Any CPU
		{F86A8C53-551E-4AC6-934F-07A2C236E533}.Release|iPhone.ActiveCfg = Release|Any CPU
		{F86A8C53-551E-4AC6-934F-07A2C236E533}.Release|iPhone.Build.0 = Release|Any CPU
		{F86A8C53-551E-4AC6-934F-07A2C236E533}.Release|iPhoneSimulator.ActiveCfg = Release|Any CPU
		{F86A8C53-551E-4AC6-934F-07A2C236E533}.Release|iPhoneSimulator.Build.0 = Release|Any CPU
		{F86A8C53-551E-4AC6-934F-07A2C236E533}.Release|x64.ActiveCfg = Release|Any CPU
		{F86A8C53-551E-4AC6-934F-07A2C236E533}.Release|x64.Build.0 = Release|Any CPU
		{F86A8C53-551E-4AC6-934F-07A2C236E533}.Release|x86.ActiveCfg = Release|Any CPU
		{F86A8C53-551E-4AC6-934F-07A2C236E533}.Release|x86.Build.0 = Release|Any CPU
		{B395CA25-41D1-47B6-A41C-79AE891B3A8B}.Ad-Hoc|Any CPU.ActiveCfg = Release|Any CPU
		{B395CA25-41D1-47B6-A41C-79AE891B3A8B}.Ad-Hoc|Any CPU.Build.0 = Release|Any CPU
		{B395CA25-41D1-47B6-A41C-79AE891B3A8B}.Ad-Hoc|Any CPU.Deploy.0 = Release|Any CPU
		{B395CA25-41D1-47B6-A41C-79AE891B3A8B}.Ad-Hoc|ARM.ActiveCfg = Release|Any CPU
		{B395CA25-41D1-47B6-A41C-79AE891B3A8B}.Ad-Hoc|ARM.Build.0 = Release|Any CPU
		{B395CA25-41D1-47B6-A41C-79AE891B3A8B}.Ad-Hoc|ARM.Deploy.0 = Release|Any CPU
		{B395CA25-41D1-47B6-A41C-79AE891B3A8B}.Ad-Hoc|iPhone.ActiveCfg = Release|Any CPU
		{B395CA25-41D1-47B6-A41C-79AE891B3A8B}.Ad-Hoc|iPhone.Build.0 = Release|Any CPU
		{B395CA25-41D1-47B6-A41C-79AE891B3A8B}.Ad-Hoc|iPhone.Deploy.0 = Release|Any CPU
		{B395CA25-41D1-47B6-A41C-79AE891B3A8B}.Ad-Hoc|iPhoneSimulator.ActiveCfg = Release|Any CPU
		{B395CA25-41D1-47B6-A41C-79AE891B3A8B}.Ad-Hoc|iPhoneSimulator.Build.0 = Release|Any CPU
		{B395CA25-41D1-47B6-A41C-79AE891B3A8B}.Ad-Hoc|iPhoneSimulator.Deploy.0 = Release|Any CPU
		{B395CA25-41D1-47B6-A41C-79AE891B3A8B}.Ad-Hoc|x64.ActiveCfg = Release|Any CPU
		{B395CA25-41D1-47B6-A41C-79AE891B3A8B}.Ad-Hoc|x64.Build.0 = Release|Any CPU
		{B395CA25-41D1-47B6-A41C-79AE891B3A8B}.Ad-Hoc|x64.Deploy.0 = Release|Any CPU
		{B395CA25-41D1-47B6-A41C-79AE891B3A8B}.Ad-Hoc|x86.ActiveCfg = Release|Any CPU
		{B395CA25-41D1-47B6-A41C-79AE891B3A8B}.Ad-Hoc|x86.Build.0 = Release|Any CPU
		{B395CA25-41D1-47B6-A41C-79AE891B3A8B}.Ad-Hoc|x86.Deploy.0 = Release|Any CPU
		{B395CA25-41D1-47B6-A41C-79AE891B3A8B}.AppStore|Any CPU.ActiveCfg = Release|Any CPU
		{B395CA25-41D1-47B6-A41C-79AE891B3A8B}.AppStore|Any CPU.Build.0 = Release|Any CPU
		{B395CA25-41D1-47B6-A41C-79AE891B3A8B}.AppStore|Any CPU.Deploy.0 = Release|Any CPU
		{B395CA25-41D1-47B6-A41C-79AE891B3A8B}.AppStore|ARM.ActiveCfg = Release|Any CPU
		{B395CA25-41D1-47B6-A41C-79AE891B3A8B}.AppStore|ARM.Build.0 = Release|Any CPU
		{B395CA25-41D1-47B6-A41C-79AE891B3A8B}.AppStore|ARM.Deploy.0 = Release|Any CPU
		{B395CA25-41D1-47B6-A41C-79AE891B3A8B}.AppStore|iPhone.ActiveCfg = Release|Any CPU
		{B395CA25-41D1-47B6-A41C-79AE891B3A8B}.AppStore|iPhone.Build.0 = Release|Any CPU
		{B395CA25-41D1-47B6-A41C-79AE891B3A8B}.AppStore|iPhone.Deploy.0 = Release|Any CPU
		{B395CA25-41D1-47B6-A41C-79AE891B3A8B}.AppStore|iPhoneSimulator.ActiveCfg = Release|Any CPU
		{B395CA25-41D1-47B6-A41C-79AE891B3A8B}.AppStore|iPhoneSimulator.Build.0 = Release|Any CPU
		{B395CA25-41D1-47B6-A41C-79AE891B3A8B}.AppStore|iPhoneSimulator.Deploy.0 = Release|Any CPU
		{B395CA25-41D1-47B6-A41C-79AE891B3A8B}.AppStore|x64.ActiveCfg = Release|Any CPU
		{B395CA25-41D1-47B6-A41C-79AE891B3A8B}.AppStore|x64.Build.0 = Release|Any CPU
		{B395CA25-41D1-47B6-A41C-79AE891B3A8B}.AppStore|x64.Deploy.0 = Release|Any CPU
		{B395CA25-41D1-47B6-A41C-79AE891B3A8B}.AppStore|x86.ActiveCfg = Release|Any CPU
		{B395CA25-41D1-47B6-A41C-79AE891B3A8B}.AppStore|x86.Build.0 = Release|Any CPU
		{B395CA25-41D1-47B6-A41C-79AE891B3A8B}.AppStore|x86.Deploy.0 = Release|Any CPU
		{B395CA25-41D1-47B6-A41C-79AE891B3A8B}.Debug|Any CPU.ActiveCfg = Debug|Any CPU
		{B395CA25-41D1-47B6-A41C-79AE891B3A8B}.Debug|Any CPU.Build.0 = Debug|Any CPU
		{B395CA25-41D1-47B6-A41C-79AE891B3A8B}.Debug|Any CPU.Deploy.0 = Debug|Any CPU
		{B395CA25-41D1-47B6-A41C-79AE891B3A8B}.Debug|ARM.ActiveCfg = Debug|Any CPU
		{B395CA25-41D1-47B6-A41C-79AE891B3A8B}.Debug|ARM.Build.0 = Debug|Any CPU
		{B395CA25-41D1-47B6-A41C-79AE891B3A8B}.Debug|ARM.Deploy.0 = Debug|Any CPU
		{B395CA25-41D1-47B6-A41C-79AE891B3A8B}.Debug|iPhone.ActiveCfg = Debug|Any CPU
		{B395CA25-41D1-47B6-A41C-79AE891B3A8B}.Debug|iPhone.Build.0 = Debug|Any CPU
		{B395CA25-41D1-47B6-A41C-79AE891B3A8B}.Debug|iPhone.Deploy.0 = Debug|Any CPU
		{B395CA25-41D1-47B6-A41C-79AE891B3A8B}.Debug|iPhoneSimulator.ActiveCfg = Debug|Any CPU
		{B395CA25-41D1-47B6-A41C-79AE891B3A8B}.Debug|iPhoneSimulator.Build.0 = Debug|Any CPU
		{B395CA25-41D1-47B6-A41C-79AE891B3A8B}.Debug|iPhoneSimulator.Deploy.0 = Debug|Any CPU
		{B395CA25-41D1-47B6-A41C-79AE891B3A8B}.Debug|x64.ActiveCfg = Debug|Any CPU
		{B395CA25-41D1-47B6-A41C-79AE891B3A8B}.Debug|x64.Build.0 = Debug|Any CPU
		{B395CA25-41D1-47B6-A41C-79AE891B3A8B}.Debug|x64.Deploy.0 = Debug|Any CPU
		{B395CA25-41D1-47B6-A41C-79AE891B3A8B}.Debug|x86.ActiveCfg = Debug|Any CPU
		{B395CA25-41D1-47B6-A41C-79AE891B3A8B}.Debug|x86.Build.0 = Debug|Any CPU
		{B395CA25-41D1-47B6-A41C-79AE891B3A8B}.Debug|x86.Deploy.0 = Debug|Any CPU
		{B395CA25-41D1-47B6-A41C-79AE891B3A8B}.Release|Any CPU.ActiveCfg = Release|Any CPU
		{B395CA25-41D1-47B6-A41C-79AE891B3A8B}.Release|Any CPU.Build.0 = Release|Any CPU
		{B395CA25-41D1-47B6-A41C-79AE891B3A8B}.Release|Any CPU.Deploy.0 = Release|Any CPU
		{B395CA25-41D1-47B6-A41C-79AE891B3A8B}.Release|ARM.ActiveCfg = Release|Any CPU
		{B395CA25-41D1-47B6-A41C-79AE891B3A8B}.Release|ARM.Build.0 = Release|Any CPU
		{B395CA25-41D1-47B6-A41C-79AE891B3A8B}.Release|ARM.Deploy.0 = Release|Any CPU
		{B395CA25-41D1-47B6-A41C-79AE891B3A8B}.Release|iPhone.ActiveCfg = Release|Any CPU
		{B395CA25-41D1-47B6-A41C-79AE891B3A8B}.Release|iPhone.Build.0 = Release|Any CPU
		{B395CA25-41D1-47B6-A41C-79AE891B3A8B}.Release|iPhone.Deploy.0 = Release|Any CPU
		{B395CA25-41D1-47B6-A41C-79AE891B3A8B}.Release|iPhoneSimulator.ActiveCfg = Release|Any CPU
		{B395CA25-41D1-47B6-A41C-79AE891B3A8B}.Release|iPhoneSimulator.Build.0 = Release|Any CPU
		{B395CA25-41D1-47B6-A41C-79AE891B3A8B}.Release|iPhoneSimulator.Deploy.0 = Release|Any CPU
		{B395CA25-41D1-47B6-A41C-79AE891B3A8B}.Release|x64.ActiveCfg = Release|Any CPU
		{B395CA25-41D1-47B6-A41C-79AE891B3A8B}.Release|x64.Build.0 = Release|Any CPU
		{B395CA25-41D1-47B6-A41C-79AE891B3A8B}.Release|x64.Deploy.0 = Release|Any CPU
		{B395CA25-41D1-47B6-A41C-79AE891B3A8B}.Release|x86.ActiveCfg = Release|Any CPU
		{B395CA25-41D1-47B6-A41C-79AE891B3A8B}.Release|x86.Build.0 = Release|Any CPU
		{B395CA25-41D1-47B6-A41C-79AE891B3A8B}.Release|x86.Deploy.0 = Release|Any CPU
		{B5D1D946-041B-434D-BA37-8B4E1DB74226}.Ad-Hoc|Any CPU.ActiveCfg = Ad-Hoc|iPhone
		{B5D1D946-041B-434D-BA37-8B4E1DB74226}.Ad-Hoc|ARM.ActiveCfg = Ad-Hoc|iPhone
		{B5D1D946-041B-434D-BA37-8B4E1DB74226}.Ad-Hoc|iPhone.ActiveCfg = Ad-Hoc|iPhone
		{B5D1D946-041B-434D-BA37-8B4E1DB74226}.Ad-Hoc|iPhone.Build.0 = Ad-Hoc|iPhone
		{B5D1D946-041B-434D-BA37-8B4E1DB74226}.Ad-Hoc|iPhoneSimulator.ActiveCfg = Ad-Hoc|iPhoneSimulator
		{B5D1D946-041B-434D-BA37-8B4E1DB74226}.Ad-Hoc|iPhoneSimulator.Build.0 = Ad-Hoc|iPhoneSimulator
		{B5D1D946-041B-434D-BA37-8B4E1DB74226}.Ad-Hoc|x64.ActiveCfg = Ad-Hoc|iPhone
		{B5D1D946-041B-434D-BA37-8B4E1DB74226}.Ad-Hoc|x86.ActiveCfg = Ad-Hoc|iPhone
		{B5D1D946-041B-434D-BA37-8B4E1DB74226}.AppStore|Any CPU.ActiveCfg = AppStore|iPhone
		{B5D1D946-041B-434D-BA37-8B4E1DB74226}.AppStore|ARM.ActiveCfg = AppStore|iPhone
		{B5D1D946-041B-434D-BA37-8B4E1DB74226}.AppStore|iPhone.ActiveCfg = AppStore|iPhone
		{B5D1D946-041B-434D-BA37-8B4E1DB74226}.AppStore|iPhone.Build.0 = AppStore|iPhone
		{B5D1D946-041B-434D-BA37-8B4E1DB74226}.AppStore|iPhoneSimulator.ActiveCfg = AppStore|iPhoneSimulator
		{B5D1D946-041B-434D-BA37-8B4E1DB74226}.AppStore|iPhoneSimulator.Build.0 = AppStore|iPhoneSimulator
		{B5D1D946-041B-434D-BA37-8B4E1DB74226}.AppStore|x64.ActiveCfg = AppStore|iPhone
		{B5D1D946-041B-434D-BA37-8B4E1DB74226}.AppStore|x86.ActiveCfg = AppStore|iPhone
		{B5D1D946-041B-434D-BA37-8B4E1DB74226}.Debug|Any CPU.ActiveCfg = Debug|iPhone
		{B5D1D946-041B-434D-BA37-8B4E1DB74226}.Debug|ARM.ActiveCfg = Debug|iPhone
		{B5D1D946-041B-434D-BA37-8B4E1DB74226}.Debug|iPhone.ActiveCfg = Debug|iPhone
		{B5D1D946-041B-434D-BA37-8B4E1DB74226}.Debug|iPhone.Build.0 = Debug|iPhone
		{B5D1D946-041B-434D-BA37-8B4E1DB74226}.Debug|iPhoneSimulator.ActiveCfg = Debug|iPhoneSimulator
		{B5D1D946-041B-434D-BA37-8B4E1DB74226}.Debug|iPhoneSimulator.Build.0 = Debug|iPhoneSimulator
		{B5D1D946-041B-434D-BA37-8B4E1DB74226}.Debug|x64.ActiveCfg = Debug|iPhone
		{B5D1D946-041B-434D-BA37-8B4E1DB74226}.Debug|x86.ActiveCfg = Debug|iPhone
		{B5D1D946-041B-434D-BA37-8B4E1DB74226}.Release|Any CPU.ActiveCfg = Release|iPhone
		{B5D1D946-041B-434D-BA37-8B4E1DB74226}.Release|ARM.ActiveCfg = Release|iPhone
		{B5D1D946-041B-434D-BA37-8B4E1DB74226}.Release|iPhone.ActiveCfg = Release|iPhone
		{B5D1D946-041B-434D-BA37-8B4E1DB74226}.Release|iPhone.Build.0 = Release|iPhone
		{B5D1D946-041B-434D-BA37-8B4E1DB74226}.Release|iPhoneSimulator.ActiveCfg = Release|iPhoneSimulator
		{B5D1D946-041B-434D-BA37-8B4E1DB74226}.Release|iPhoneSimulator.Build.0 = Release|iPhoneSimulator
		{B5D1D946-041B-434D-BA37-8B4E1DB74226}.Release|x64.ActiveCfg = Release|iPhone
		{B5D1D946-041B-434D-BA37-8B4E1DB74226}.Release|x86.ActiveCfg = Release|iPhone
		{51FEA06B-D1B8-4F32-BF78-FA2D66DD1C20}.Ad-Hoc|Any CPU.ActiveCfg = Release|x86
		{51FEA06B-D1B8-4F32-BF78-FA2D66DD1C20}.Ad-Hoc|Any CPU.Build.0 = Release|x86
		{51FEA06B-D1B8-4F32-BF78-FA2D66DD1C20}.Ad-Hoc|Any CPU.Deploy.0 = Release|x86
		{51FEA06B-D1B8-4F32-BF78-FA2D66DD1C20}.Ad-Hoc|ARM.ActiveCfg = Release|ARM
		{51FEA06B-D1B8-4F32-BF78-FA2D66DD1C20}.Ad-Hoc|ARM.Build.0 = Release|ARM
		{51FEA06B-D1B8-4F32-BF78-FA2D66DD1C20}.Ad-Hoc|ARM.Deploy.0 = Release|ARM
		{51FEA06B-D1B8-4F32-BF78-FA2D66DD1C20}.Ad-Hoc|iPhone.ActiveCfg = Release|x86
		{51FEA06B-D1B8-4F32-BF78-FA2D66DD1C20}.Ad-Hoc|iPhone.Build.0 = Release|x86
		{51FEA06B-D1B8-4F32-BF78-FA2D66DD1C20}.Ad-Hoc|iPhone.Deploy.0 = Release|x86
		{51FEA06B-D1B8-4F32-BF78-FA2D66DD1C20}.Ad-Hoc|iPhoneSimulator.ActiveCfg = Release|x86
		{51FEA06B-D1B8-4F32-BF78-FA2D66DD1C20}.Ad-Hoc|iPhoneSimulator.Build.0 = Release|x86
		{51FEA06B-D1B8-4F32-BF78-FA2D66DD1C20}.Ad-Hoc|iPhoneSimulator.Deploy.0 = Release|x86
		{51FEA06B-D1B8-4F32-BF78-FA2D66DD1C20}.Ad-Hoc|x64.ActiveCfg = Release|x64
		{51FEA06B-D1B8-4F32-BF78-FA2D66DD1C20}.Ad-Hoc|x64.Build.0 = Release|x64
		{51FEA06B-D1B8-4F32-BF78-FA2D66DD1C20}.Ad-Hoc|x64.Deploy.0 = Release|x64
		{51FEA06B-D1B8-4F32-BF78-FA2D66DD1C20}.Ad-Hoc|x86.ActiveCfg = Release|x86
		{51FEA06B-D1B8-4F32-BF78-FA2D66DD1C20}.Ad-Hoc|x86.Build.0 = Release|x86
		{51FEA06B-D1B8-4F32-BF78-FA2D66DD1C20}.Ad-Hoc|x86.Deploy.0 = Release|x86
		{51FEA06B-D1B8-4F32-BF78-FA2D66DD1C20}.AppStore|Any CPU.ActiveCfg = Release|x86
		{51FEA06B-D1B8-4F32-BF78-FA2D66DD1C20}.AppStore|Any CPU.Build.0 = Release|x86
		{51FEA06B-D1B8-4F32-BF78-FA2D66DD1C20}.AppStore|Any CPU.Deploy.0 = Release|x86
		{51FEA06B-D1B8-4F32-BF78-FA2D66DD1C20}.AppStore|ARM.ActiveCfg = Release|ARM
		{51FEA06B-D1B8-4F32-BF78-FA2D66DD1C20}.AppStore|ARM.Build.0 = Release|ARM
		{51FEA06B-D1B8-4F32-BF78-FA2D66DD1C20}.AppStore|ARM.Deploy.0 = Release|ARM
		{51FEA06B-D1B8-4F32-BF78-FA2D66DD1C20}.AppStore|iPhone.ActiveCfg = Release|x86
		{51FEA06B-D1B8-4F32-BF78-FA2D66DD1C20}.AppStore|iPhone.Build.0 = Release|x86
		{51FEA06B-D1B8-4F32-BF78-FA2D66DD1C20}.AppStore|iPhone.Deploy.0 = Release|x86
		{51FEA06B-D1B8-4F32-BF78-FA2D66DD1C20}.AppStore|iPhoneSimulator.ActiveCfg = Release|x86
		{51FEA06B-D1B8-4F32-BF78-FA2D66DD1C20}.AppStore|iPhoneSimulator.Build.0 = Release|x86
		{51FEA06B-D1B8-4F32-BF78-FA2D66DD1C20}.AppStore|iPhoneSimulator.Deploy.0 = Release|x86
		{51FEA06B-D1B8-4F32-BF78-FA2D66DD1C20}.AppStore|x64.ActiveCfg = Release|x64
		{51FEA06B-D1B8-4F32-BF78-FA2D66DD1C20}.AppStore|x64.Build.0 = Release|x64
		{51FEA06B-D1B8-4F32-BF78-FA2D66DD1C20}.AppStore|x64.Deploy.0 = Release|x64
		{51FEA06B-D1B8-4F32-BF78-FA2D66DD1C20}.AppStore|x86.ActiveCfg = Release|x86
		{51FEA06B-D1B8-4F32-BF78-FA2D66DD1C20}.AppStore|x86.Build.0 = Release|x86
		{51FEA06B-D1B8-4F32-BF78-FA2D66DD1C20}.AppStore|x86.Deploy.0 = Release|x86
		{51FEA06B-D1B8-4F32-BF78-FA2D66DD1C20}.Debug|Any CPU.ActiveCfg = Debug|x86
		{51FEA06B-D1B8-4F32-BF78-FA2D66DD1C20}.Debug|ARM.ActiveCfg = Debug|ARM
		{51FEA06B-D1B8-4F32-BF78-FA2D66DD1C20}.Debug|ARM.Build.0 = Debug|ARM
		{51FEA06B-D1B8-4F32-BF78-FA2D66DD1C20}.Debug|ARM.Deploy.0 = Debug|ARM
		{51FEA06B-D1B8-4F32-BF78-FA2D66DD1C20}.Debug|iPhone.ActiveCfg = Debug|x86
		{51FEA06B-D1B8-4F32-BF78-FA2D66DD1C20}.Debug|iPhoneSimulator.ActiveCfg = Debug|x86
		{51FEA06B-D1B8-4F32-BF78-FA2D66DD1C20}.Debug|x64.ActiveCfg = Debug|x64
		{51FEA06B-D1B8-4F32-BF78-FA2D66DD1C20}.Debug|x64.Build.0 = Debug|x64
		{51FEA06B-D1B8-4F32-BF78-FA2D66DD1C20}.Debug|x64.Deploy.0 = Debug|x64
		{51FEA06B-D1B8-4F32-BF78-FA2D66DD1C20}.Debug|x86.ActiveCfg = Debug|x86
		{51FEA06B-D1B8-4F32-BF78-FA2D66DD1C20}.Debug|x86.Build.0 = Debug|x86
		{51FEA06B-D1B8-4F32-BF78-FA2D66DD1C20}.Debug|x86.Deploy.0 = Debug|x86
		{51FEA06B-D1B8-4F32-BF78-FA2D66DD1C20}.Release|Any CPU.ActiveCfg = Release|x86
		{51FEA06B-D1B8-4F32-BF78-FA2D66DD1C20}.Release|ARM.ActiveCfg = Release|ARM
		{51FEA06B-D1B8-4F32-BF78-FA2D66DD1C20}.Release|ARM.Build.0 = Release|ARM
		{51FEA06B-D1B8-4F32-BF78-FA2D66DD1C20}.Release|ARM.Deploy.0 = Release|ARM
		{51FEA06B-D1B8-4F32-BF78-FA2D66DD1C20}.Release|iPhone.ActiveCfg = Release|x86
		{51FEA06B-D1B8-4F32-BF78-FA2D66DD1C20}.Release|iPhoneSimulator.ActiveCfg = Release|x86
		{51FEA06B-D1B8-4F32-BF78-FA2D66DD1C20}.Release|x64.ActiveCfg = Release|x64
		{51FEA06B-D1B8-4F32-BF78-FA2D66DD1C20}.Release|x64.Build.0 = Release|x64
		{51FEA06B-D1B8-4F32-BF78-FA2D66DD1C20}.Release|x64.Deploy.0 = Release|x64
		{51FEA06B-D1B8-4F32-BF78-FA2D66DD1C20}.Release|x86.ActiveCfg = Release|x86
		{51FEA06B-D1B8-4F32-BF78-FA2D66DD1C20}.Release|x86.Build.0 = Release|x86
		{51FEA06B-D1B8-4F32-BF78-FA2D66DD1C20}.Release|x86.Deploy.0 = Release|x86
	EndGlobalSection
	GlobalSection(SolutionProperties) = preSolution
		HideSolutionNode = FALSE
	EndGlobalSection
	GlobalSection(ExtensibilityGlobals) = postSolution
		SolutionGuid = {A8DCBBD3-C738-4466-B794-AEA6AE90F22E}
	EndGlobalSection
EndGlobal
